// !$*UTF8*$!
{
	archiveVersion = 1;
	classes = {
	};
	objectVersion = 55;
	objects = {

/* Begin PBXBuildFile section */
		84A003BB277A27A400F950FD /* AppDelegate.swift in Sources */ = {isa = PBXBuildFile; fileRef = 84A003BA277A27A400F950FD /* AppDelegate.swift */; };
		84A003BD277A27A400F950FD /* SceneDelegate.swift in Sources */ = {isa = PBXBuildFile; fileRef = 84A003BC277A27A400F950FD /* SceneDelegate.swift */; };
		84A003BF277A27A400F950FD /* BucketList.swift in Sources */ = {isa = PBXBuildFile; fileRef = 84A003BE277A27A400F950FD /* BucketList.swift */; };
		84A003C2277A27A400F950FD /* Main.storyboard in Resources */ = {isa = PBXBuildFile; fileRef = 84A003C0277A27A400F950FD /* Main.storyboard */; };
		84A003C4277A27A500F950FD /* Assets.xcassets in Resources */ = {isa = PBXBuildFile; fileRef = 84A003C3277A27A500F950FD /* Assets.xcassets */; };
		84A003C7277A27A500F950FD /* LaunchScreen.storyboard in Resources */ = {isa = PBXBuildFile; fileRef = 84A003C5277A27A500F950FD /* LaunchScreen.storyboard */; };
		84A003CF277A289600F950FD /* AddToBucketList.swift in Sources */ = {isa = PBXBuildFile; fileRef = 84A003CE277A289600F950FD /* AddToBucketList.swift */; };
		84A003D2277A290400F950FD /* TaskModel.swift in Sources */ = {isa = PBXBuildFile; fileRef = 84A003D1277A290400F950FD /* TaskModel.swift */; };
/* End PBXBuildFile section */

/* Begin PBXFileReference section */
		84A003B7277A27A400F950FD /* BucketListIV.app */ = {isa = PBXFileReference; explicitFileType = wrapper.application; includeInIndex = 0; path = BucketListIV.app; sourceTree = BUILT_PRODUCTS_DIR; };
		84A003BA277A27A400F950FD /* AppDelegate.swift */ = {isa = PBXFileReference; lastKnownFileType = sourcecode.swift; path = AppDelegate.swift; sourceTree = "<group>"; };
		84A003BC277A27A400F950FD /* SceneDelegate.swift */ = {isa = PBXFileReference; lastKnownFileType = sourcecode.swift; path = SceneDelegate.swift; sourceTree = "<group>"; };
		84A003BE277A27A400F950FD /* BucketList.swift */ = {isa = PBXFileReference; lastKnownFileType = sourcecode.swift; path = BucketList.swift; sourceTree = "<group>"; };
		84A003C1277A27A400F950FD /* Base */ = {isa = PBXFileReference; lastKnownFileType = file.storyboard; name = Base; path = Base.lproj/Main.storyboard; sourceTree = "<group>"; };
		84A003C3277A27A500F950FD /* Assets.xcassets */ = {isa = PBXFileReference; lastKnownFileType = folder.assetcatalog; path = Assets.xcassets; sourceTree = "<group>"; };
		84A003C6277A27A500F950FD /* Base */ = {isa = PBXFileReference; lastKnownFileType = file.storyboard; name = Base; path = Base.lproj/LaunchScreen.storyboard; sourceTree = "<group>"; };
		84A003C8277A27A500F950FD /* Info.plist */ = {isa = PBXFileReference; lastKnownFileType = text.plist.xml; path = Info.plist; sourceTree = "<group>"; };
		84A003CE277A289600F950FD /* AddToBucketList.swift */ = {isa = PBXFileReference; lastKnownFileType = sourcecode.swift; path = AddToBucketList.swift; sourceTree = "<group>"; };
		84A003D1277A290400F950FD /* TaskModel.swift */ = {isa = PBXFileReference; lastKnownFileType = sourcecode.swift; path = TaskModel.swift; sourceTree = "<group>"; };
/* End PBXFileReference section */

/* Begin PBXFrameworksBuildPhase section */
		84A003B4277A27A400F950FD /* Frameworks */ = {
			isa = PBXFrameworksBuildPhase;
			buildActionMask = 2147483647;
			files = (
			);
			runOnlyForDeploymentPostprocessing = 0;
		};
/* End PBXFrameworksBuildPhase section */

/* Begin PBXGroup section */
		84A003AE277A27A400F950FD = {
			isa = PBXGroup;
			children = (
				84A003B9277A27A400F950FD /* BucketListIV */,
				84A003B8277A27A400F950FD /* Products */,
			);
			sourceTree = "<group>";
		};
		84A003B8277A27A400F950FD /* Products */ = {
			isa = PBXGroup;
			children = (
				84A003B7277A27A400F950FD /* BucketListIV.app */,
			);
			name = Products;
			sourceTree = "<group>";
		};
		84A003B9277A27A400F950FD /* BucketListIV */ = {
			isa = PBXGroup;
			children = (
				84A003BA277A27A400F950FD /* AppDelegate.swift */,
				84A003BC277A27A400F950FD /* SceneDelegate.swift */,
				84A003D3277A291700F950FD /* ApiManager */,
				84A003D0277A289C00F950FD /* Controllers */,
				84A003C0277A27A400F950FD /* Main.storyboard */,
				84A003C3277A27A500F950FD /* Assets.xcassets */,
				84A003C5277A27A500F950FD /* LaunchScreen.storyboard */,
				84A003C8277A27A500F950FD /* Info.plist */,
			);
			path = BucketListIV;
			sourceTree = "<group>";
		};
		84A003D0277A289C00F950FD /* Controllers */ = {
			isa = PBXGroup;
			children = (
				84A003BE277A27A400F950FD /* BucketList.swift */,
				84A003CE277A289600F950FD /* AddToBucketList.swift */,
			);
			path = Controllers;
			sourceTree = "<group>";
		};
		84A003D3277A291700F950FD /* ApiManager */ = {
			isa = PBXGroup;
			children = (
				84A003D1277A290400F950FD /* TaskModel.swift */,
			);
			path = ApiManager;
			sourceTree = "<group>";
		};
/* End PBXGroup section */

/* Begin PBXNativeTarget section */
		84A003B6277A27A400F950FD /* BucketListIV */ = {
			isa = PBXNativeTarget;
			buildConfigurationList = 84A003CB277A27A500F950FD /* Build configuration list for PBXNativeTarget "BucketListIV" */;
			buildPhases = (
				84A003B3277A27A400F950FD /* Sources */,
				84A003B4277A27A400F950FD /* Frameworks */,
				84A003B5277A27A400F950FD /* Resources */,
			);
			buildRules = (
			);
			dependencies = (
			);
			name = BucketListIV;
			productName = BucketListIV;
			productReference = 84A003B7277A27A400F950FD /* BucketListIV.app */;
			productType = "com.apple.product-type.application";
		};
/* End PBXNativeTarget section */

/* Begin PBXProject section */
		84A003AF277A27A400F950FD /* Project object */ = {
			isa = PBXProject;
			attributes = {
				BuildIndependentTargetsInParallel = 1;
				LastSwiftUpdateCheck = 1310;
				LastUpgradeCheck = 1310;
				TargetAttributes = {
					84A003B6277A27A400F950FD = {
						CreatedOnToolsVersion = 13.1;
					};
				};
			};
			buildConfigurationList = 84A003B2277A27A400F950FD /* Build configuration list for PBXProject "BucketListIV" */;
			compatibilityVersion = "Xcode 13.0";
			developmentRegion = en;
			hasScannedForEncodings = 0;
			knownRegions = (
				en,
				Base,
			);
			mainGroup = 84A003AE277A27A400F950FD;
			productRefGroup = 84A003B8277A27A400F950FD /* Products */;
			projectDirPath = "";
			projectRoot = "";
			targets = (
				84A003B6277A27A400F950FD /* BucketListIV */,
			);
		};
/* End PBXProject section */

/* Begin PBXResourcesBuildPhase section */
		84A003B5277A27A400F950FD /* Resources */ = {
			isa = PBXResourcesBuildPhase;
			buildActionMask = 2147483647;
			files = (
				84A003C7277A27A500F950FD /* LaunchScreen.storyboard in Resources */,
				84A003C4277A27A500F950FD /* Assets.xcassets in Resources */,
				84A003C2277A27A400F950FD /* Main.storyboard in Resources */,
			);
			runOnlyForDeploymentPostprocessing = 0;
		};
/* End PBXResourcesBuildPhase section */

/* Begin PBXSourcesBuildPhase section */
		84A003B3277A27A400F950FD /* Sources */ = {
			isa = PBXSourcesBuildPhase;
			buildActionMask = 2147483647;
			files = (
				84A003BF277A27A400F950FD /* BucketList.swift in Sources */,
				84A003BB277A27A400F950FD /* AppDelegate.swift in Sources */,
				84A003D2277A290400F950FD /* TaskModel.swift in Sources */,
				84A003CF277A289600F950FD /* AddToBucketList.swift in Sources */,
				84A003BD277A27A400F950FD /* SceneDelegate.swift in Sources */,
			);
			runOnlyForDeploymentPostprocessing = 0;
		};
/* End PBXSourcesBuildPhase section */

/* Begin PBXVariantGroup section */
		84A003C0277A27A400F950FD /* Main.storyboard */ = {
			isa = PBXVariantGroup;
			children = (
				84A003C1277A27A400F950FD /* Base */,
			);
			name = Main.storyboard;
			sourceTree = "<group>";
		};
		84A003C5277A27A500F950FD /* LaunchScreen.storyboard */ = {
			isa = PBXVariantGroup;
			children = (
				84A003C6277A27A500F950FD /* Base */,
			);
			name = LaunchScreen.storyboard;
			sourceTree = "<group>";
		};
/* End PBXVariantGroup section */

/* Begin XCBuildConfiguration section */
		84A003C9277A27A500F950FD /* Debug */ = {
			isa = XCBuildConfiguration;
			buildSettings = {
				ALWAYS_SEARCH_USER_PATHS = NO;
				CLANG_ANALYZER_NONNULL = YES;
				CLANG_ANALYZER_NUMBER_OBJECT_CONVERSION = YES_AGGRESSIVE;
				CLANG_CXX_LANGUAGE_STANDARD = "gnu++17";
				CLANG_CXX_LIBRARY = "libc++";
				CLANG_ENABLE_MODULES = YES;
				CLANG_ENABLE_OBJC_ARC = YES;
				CLANG_ENABLE_OBJC_WEAK = YES;
				CLANG_WARN_BLOCK_CAPTURE_AUTORELEASING = YES;
				CLANG_WARN_BOOL_CONVERSION = YES;
				CLANG_WARN_COMMA = YES;
				CLANG_WARN_CONSTANT_CONVERSION = YES;
				CLANG_WARN_DEPRECATED_OBJC_IMPLEMENTATIONS = YES;
				CLANG_WARN_DIRECT_OBJC_ISA_USAGE = YES_ERROR;
				CLANG_WARN_DOCUMENTATION_COMMENTS = YES;
				CLANG_WARN_EMPTY_BODY = YES;
				CLANG_WARN_ENUM_CONVERSION = YES;
				CLANG_WARN_INFINITE_RECURSION = YES;
				CLANG_WARN_INT_CONVERSION = YES;
				CLANG_WARN_NON_LITERAL_NULL_CONVERSION = YES;
				CLANG_WARN_OBJC_IMPLICIT_RETAIN_SELF = YES;
				CLANG_WARN_OBJC_LITERAL_CONVERSION = YES;
				CLANG_WARN_OBJC_ROOT_CLASS = YES_ERROR;
				CLANG_WARN_QUOTED_INCLUDE_IN_FRAMEWORK_HEADER = YES;
				CLANG_WARN_RANGE_LOOP_ANALYSIS = YES;
				CLANG_WARN_STRICT_PROTOTYPES = YES;
				CLANG_WARN_SUSPICIOUS_MOVE = YES;
				CLANG_WARN_UNGUARDED_AVAILABILITY = YES_AGGRESSIVE;
				CLANG_WARN_UNREACHABLE_CODE = YES;
				CLANG_WARN__DUPLICATE_METHOD_MATCH = YES;
				COPY_PHASE_STRIP = NO;
				DEBUG_INFORMATION_FORMAT = dwarf;
				ENABLE_STRICT_OBJC_MSGSEND = YES;
				ENABLE_TESTABILITY = YES;
				GCC_C_LANGUAGE_STANDARD = gnu11;
				GCC_DYNAMIC_NO_PIC = NO;
				GCC_NO_COMMON_BLOCKS = YES;
				GCC_OPTIMIZATION_LEVEL = 0;
				GCC_PREPROCESSOR_DEFINITIONS = (
					"DEBUG=1",
					"$(inherited)",
				);
				GCC_WARN_64_TO_32_BIT_CONVERSION = YES;
				GCC_WARN_ABOUT_RETURN_TYPE = YES_ERROR;
				GCC_WARN_UNDECLARED_SELECTOR = YES;
				GCC_WARN_UNINITIALIZED_AUTOS = YES_AGGRESSIVE;
				GCC_WARN_UNUSED_FUNCTION = YES;
				GCC_WARN_UNUSED_VARIABLE = YES;
				IPHONEOS_DEPLOYMENT_TARGET = 15.0;
				MTL_ENABLE_DEBUG_INFO = INCLUDE_SOURCE;
				MTL_FAST_MATH = YES;
				ONLY_ACTIVE_ARCH = YES;
				SDKROOT = iphoneos;
				SWIFT_ACTIVE_COMPILATION_CONDITIONS = DEBUG;
				SWIFT_OPTIMIZATION_LEVEL = "-Onone";
			};
			name = Debug;
		};
		84A003CA277A27A500F950FD /* Release */ = {
			isa = XCBuildConfiguration;
			buildSettings = {
				ALWAYS_SEARCH_USER_PATHS = NO;
				CLANG_ANALYZER_NONNULL = YES;
				CLANG_ANALYZER_NUMBER_OBJECT_CONVERSION = YES_AGGRESSIVE;
				CLANG_CXX_LANGUAGE_STANDARD = "gnu++17";
				CLANG_CXX_LIBRARY = "libc++";
				CLANG_ENABLE_MODULES = YES;
				CLANG_ENABLE_OBJC_ARC = YES;
				CLANG_ENABLE_OBJC_WEAK = YES;
				CLANG_WARN_BLOCK_CAPTURE_AUTORELEASING = YES;
				CLANG_WARN_BOOL_CONVERSION = YES;
				CLANG_WARN_COMMA = YES;
				CLANG_WARN_CONSTANT_CONVERSION = YES;
				CLANG_WARN_DEPRECATED_OBJC_IMPLEMENTATIONS = YES;
				CLANG_WARN_DIRECT_OBJC_ISA_USAGE = YES_ERROR;
				CLANG_WARN_DOCUMENTATION_COMMENTS = YES;
				CLANG_WARN_EMPTY_BODY = YES;
				CLANG_WARN_ENUM_CONVERSION = YES;
				CLANG_WARN_INFINITE_RECURSION = YES;
				CLANG_WARN_INT_CONVERSION = YES;
				CLANG_WARN_NON_LITERAL_NULL_CONVERSION = YES;
				CLANG_WARN_OBJC_IMPLICIT_RETAIN_SELF = YES;
				CLANG_WARN_OBJC_LITERAL_CONVERSION = YES;
				CLANG_WARN_OBJC_ROOT_CLASS = YES_ERROR;
				CLANG_WARN_QUOTED_INCLUDE_IN_FRAMEWORK_HEADER = YES;
				CLANG_WARN_RANGE_LOOP_ANALYSIS = YES;
				CLANG_WARN_STRICT_PROTOTYPES = YES;
				CLANG_WARN_SUSPICIOUS_MOVE = YES;
				CLANG_WARN_UNGUARDED_AVAILABILITY = YES_AGGRESSIVE;
				CLANG_WARN_UNREACHABLE_CODE = YES;
				CLANG_WARN__DUPLICATE_METHOD_MATCH = YES;
				COPY_PHASE_STRIP = NO;
				DEBUG_INFORMATION_FORMAT = "dwarf-with-dsym";
				ENABLE_NS_ASSERTIONS = NO;
				ENABLE_STRICT_OBJC_MSGSEND = YES;
				GCC_C_LANGUAGE_STANDARD = gnu11;
				GCC_NO_COMMON_BLOCKS = YES;
				GCC_WARN_64_TO_32_BIT_CONVERSION = YES;
				GCC_WARN_ABOUT_RETURN_TYPE = YES_ERROR;
				GCC_WARN_UNDECLARED_SELECTOR = YES;
				GCC_WARN_UNINITIALIZED_AUTOS = YES_AGGRESSIVE;
				GCC_WARN_UNUSED_FUNCTION = YES;
				GCC_WARN_UNUSED_VARIABLE = YES;
				IPHONEOS_DEPLOYMENT_TARGET = 15.0;
				MTL_ENABLE_DEBUG_INFO = NO;
				MTL_FAST_MATH = YES;
				SDKROOT = iphoneos;
				SWIFT_COMPILATION_MODE = wholemodule;
				SWIFT_OPTIMIZATION_LEVEL = "-O";
				VALIDATE_PRODUCT = YES;
			};
			name = Release;
		};
		84A003CC277A27A500F950FD /* Debug */ = {
			isa = XCBuildConfiguration;
			buildSettings = {
				ASSETCATALOG_COMPILER_APPICON_NAME = AppIcon;
				ASSETCATALOG_COMPILER_GLOBAL_ACCENT_COLOR_NAME = AccentColor;
				CODE_SIGN_STYLE = Automatic;
				CURRENT_PROJECT_VERSION = 1;
				GENERATE_INFOPLIST_FILE = YES;
				INFOPLIST_FILE = BucketListIV/Info.plist;
				INFOPLIST_KEY_UIApplicationSupportsIndirectInputEvents = YES;
				INFOPLIST_KEY_UILaunchStoryboardName = LaunchScreen;
				INFOPLIST_KEY_UIMainStoryboardFile = Main;
				INFOPLIST_KEY_UISupportedInterfaceOrientations_iPad = "UIInterfaceOrientationPortrait UIInterfaceOrientationPortraitUpsideDown UIInterfaceOrientationLandscapeLeft UIInterfaceOrientationLandscapeRight";
				INFOPLIST_KEY_UISupportedInterfaceOrientations_iPhone = "UIInterfaceOrientationPortrait UIInterfaceOrientationLandscapeLeft UIInterfaceOrientationLandscapeRight";
				LD_RUNPATH_SEARCH_PATHS = (
					"$(inherited)",
					"@executable_path/Frameworks",
				);
				MARKETING_VERSION = 1.0;
				PRODUCT_BUNDLE_IDENTIFIER = com.ameera.BucketListIV;
				PRODUCT_NAME = "$(TARGET_NAME)";
				SWIFT_EMIT_LOC_STRINGS = YES;
				SWIFT_VERSION = 5.0;
				TARGETED_DEVICE_FAMILY = "1,2";
			};
			name = Debug;
		};
		84A003CD277A27A500F950FD /* Release */ = {
			isa = XCBuildConfiguration;
			buildSettings = {
				ASSETCATALOG_COMPILER_APPICON_NAME = AppIcon;
				ASSETCATALOG_COMPILER_GLOBAL_ACCENT_COLOR_NAME = AccentColor;
				CODE_SIGN_STYLE = Automatic;
				CURRENT_PROJECT_VERSION = 1;
				GENERATE_INFOPLIST_FILE = YES;
				INFOPLIST_FILE = BucketListIV/Info.plist;
				INFOPLIST_KEY_UIApplicationSupportsIndirectInputEvents = YES;
				INFOPLIST_KEY_UILaunchStoryboardName = LaunchScreen;
				INFOPLIST_KEY_UIMainStoryboardFile = Main;
				INFOPLIST_KEY_UISupportedInterfaceOrientations_iPad = "UIInterfaceOrientationPortrait UIInterfaceOrientationPortraitUpsideDown UIInterfaceOrientationLandscapeLeft UIInterfaceOrientationLandscapeRight";
				INFOPLIST_KEY_UISupportedInterfaceOrientations_iPhone = "UIInterfaceOrientationPortrait UIInterfaceOrientationLandscapeLeft UIInterfaceOrientationLandscapeRight";
				LD_RUNPATH_SEARCH_PATHS = (
					"$(inherited)",
					"@executable_path/Frameworks",
				);
				MARKETING_VERSION = 1.0;
				PRODUCT_BUNDLE_IDENTIFIER = com.ameera.BucketListIV;
				PRODUCT_NAME = "$(TARGET_NAME)";
				SWIFT_EMIT_LOC_STRINGS = YES;
				SWIFT_VERSION = 5.0;
				TARGETED_DEVICE_FAMILY = "1,2";
			};
			name = Release;
		};
/* End XCBuildConfiguration section */

/* Begin XCConfigurationList section */
		84A003B2277A27A400F950FD /* Build configuration list for PBXProject "BucketListIV" */ = {
			isa = XCConfigurationList;
			buildConfigurations = (
				84A003C9277A27A500F950FD /* Debug */,
				84A003CA277A27A500F950FD /* Release */,
			);
			defaultConfigurationIsVisible = 0;
			defaultConfigurationName = Release;
		};
		84A003CB277A27A500F950FD /* Build configuration list for PBXNativeTarget "BucketListIV" */ = {
			isa = XCConfigurationList;
			buildConfigurations = (
				84A003CC277A27A500F950FD /* Debug */,
				84A003CD277A27A500F950FD /* Release */,
			);
			defaultConfigurationIsVisible = 0;
			defaultConfigurationName = Release;
		};
/* End XCConfigurationList section */
	};
	rootObject = 84A003AF277A27A400F950FD /* Project object */;
}
